
Microsoft Visual Studio Solution File, Format Version 12.00
# Visual Studio Version 16
VisualStudioVersion = 16.0.28922.388
MinimumVisualStudioVersion = 10.0.40219.1
Project("{FAE04EC0-301F-11D3-BF4B-00C04F79EFBC}") = "课程管理系统", "课程管理系统.csproj", "{AD60AD7F-F0AD-4E5E-9448-5FE8E455DB64}"
EndProject
Global
	GlobalSection(SolutionConfigurationPlatforms) = preSolution
		Debug|Any CPU = Debug|Any CPU
		Release|Any CPU = Release|Any CPU
	EndGlobalSection
	GlobalSection(ProjectConfigurationPlatforms) = postSolution
		{AD60AD7F-F0AD-4E5E-9448-5FE8E455DB64}.Debug|Any CPU.ActiveCfg = Debug|Any CPU
		{AD60AD7F-F0AD-4E5E-9448-5FE8E455DB64}.Debug|Any CPU.Build.0 = Debug|Any CPU
		{AD60AD7F-F0AD-4E5E-9448-5FE8E455DB64}.Release|Any CPU.ActiveCfg = Release|Any CPU
		{AD60AD7F-F0AD-4E5E-9448-5FE8E455DB64}.Release|Any CPU.Build.0 = Release|Any CPU
	EndGlobalSection
	GlobalSection(SolutionProperties) = preSolution
		HideSolutionNode = FALSE
	EndGlobalSection
	GlobalSection(ExtensibilityGlobals) = postSolution
		SolutionGuid = {102F54E6-4406-4476-9491-9038BB13EF54}
	EndGlobalSection
EndGlobal
